
Microsoft Visual Studio Solution File, Format Version 12.00
# Visual Studio Version 17
VisualStudioVersion = 17.3.32825.248
MinimumVisualStudioVersion = 10.0.40219.1
Project("{FAE04EC0-301F-11D3-BF4B-00C04F79EFBC}") = "RegForm", "RegForm\RegForm.csproj", "{BA702D3A-95D1-439A-BEA9-41FB1F936E14}"
EndProject
Global
	GlobalSection(SolutionConfigurationPlatforms) = preSolution
		Debug|Any CPU = Debug|Any CPU
		Release|Any CPU = Release|Any CPU
	EndGlobalSection
	GlobalSection(ProjectConfigurationPlatforms) = postSolution
		{BA702D3A-95D1-439A-BEA9-41FB1F936E14}.Debug|Any CPU.ActiveCfg = Debug|Any CPU
		{BA702D3A-95D1-439A-BEA9-41FB1F936E14}.Debug|Any CPU.Build.0 = Debug|Any CPU
		{BA702D3A-95D1-439A-BEA9-41FB1F936E14}.Release|Any CPU.ActiveCfg = Release|Any CPU
		{BA702D3A-95D1-439A-BEA9-41FB1F936E14}.Release|Any CPU.Build.0 = Release|Any CPU
	EndGlobalSection
	GlobalSection(SolutionProperties) = preSolution
		HideSolutionNode = FALSE
	EndGlobalSection
	GlobalSection(ExtensibilityGlobals) = postSolution
		SolutionGuid = {67658883-68B8-4C2E-B9D9-B27CF32ED60F}
	EndGlobalSection
EndGlobal
